// !$*UTF8*$!
{
	archiveVersion = 1;
	classes = {
	};
	objectVersion = 46;
	objects = {

/* Begin PBXBuildFile section */
		3CD394D519185222003D45BE /* Foundation.framework in Frameworks */ = {isa = PBXBuildFile; fileRef = 3CD394D419185222003D45BE /* Foundation.framework */; };
		3CD394D719185222003D45BE /* CoreGraphics.framework in Frameworks */ = {isa = PBXBuildFile; fileRef = 3CD394D619185222003D45BE /* CoreGraphics.framework */; };
		3CD394D919185222003D45BE /* UIKit.framework in Frameworks */ = {isa = PBXBuildFile; fileRef = 3CD394D819185222003D45BE /* UIKit.framework */; };
		3CD394DB19185222003D45BE /* SpriteKit.framework in Frameworks */ = {isa = PBXBuildFile; fileRef = 3CD394DA19185222003D45BE /* SpriteKit.framework */; };
		3CD394E119185222003D45BE /* InfoPlist.strings in Resources */ = {isa = PBXBuildFile; fileRef = 3CD394DF19185222003D45BE /* InfoPlist.strings */; };
		3CD394E319185222003D45BE /* main.m in Sources */ = {isa = PBXBuildFile; fileRef = 3CD394E219185222003D45BE /* main.m */; };
		3CD394E719185222003D45BE /* CCAppDelegate.m in Sources */ = {isa = PBXBuildFile; fileRef = 3CD394E619185222003D45BE /* CCAppDelegate.m */; };
		3CD394EA19185222003D45BE /* Main.storyboard in Resources */ = {isa = PBXBuildFile; fileRef = 3CD394E819185222003D45BE /* Main.storyboard */; };
		3CD394ED19185222003D45BE /* CCViewController.m in Sources */ = {isa = PBXBuildFile; fileRef = 3CD394EC19185222003D45BE /* CCViewController.m */; };
		3CD394F019185222003D45BE /* CCMyScene.m in Sources */ = {isa = PBXBuildFile; fileRef = 3CD394EF19185222003D45BE /* CCMyScene.m */; };
		3CD394F219185222003D45BE /* Spaceship.png in Resources */ = {isa = PBXBuildFile; fileRef = 3CD394F119185222003D45BE /* Spaceship.png */; };
		3CD394F419185222003D45BE /* Images.xcassets in Resources */ = {isa = PBXBuildFile; fileRef = 3CD394F319185222003D45BE /* Images.xcassets */; };
		3CD394FB19185222003D45BE /* XCTest.framework in Frameworks */ = {isa = PBXBuildFile; fileRef = 3CD394FA19185222003D45BE /* XCTest.framework */; };
		3CD394FC19185222003D45BE /* Foundation.framework in Frameworks */ = {isa = PBXBuildFile; fileRef = 3CD394D419185222003D45BE /* Foundation.framework */; };
		3CD394FD19185222003D45BE /* UIKit.framework in Frameworks */ = {isa = PBXBuildFile; fileRef = 3CD394D819185222003D45BE /* UIKit.framework */; };
		3CD3950519185222003D45BE /* InfoPlist.strings in Resources */ = {isa = PBXBuildFile; fileRef = 3CD3950319185222003D45BE /* InfoPlist.strings */; };
		3CD3950719185222003D45BE /* UITableViewController_Challenge_SolutionTests.m in Sources */ = {isa = PBXBuildFile; fileRef = 3CD3950619185222003D45BE /* UITableViewController_Challenge_SolutionTests.m */; };
/* End PBXBuildFile section */

/* Begin PBXContainerItemProxy section */
		3CD394FE19185222003D45BE /* PBXContainerItemProxy */ = {
			isa = PBXContainerItemProxy;
			containerPortal = 3CD394C919185222003D45BE /* Project object */;
			proxyType = 1;
			remoteGlobalIDString = 3CD394D019185222003D45BE;
			remoteInfo = "UITableViewController Challenge Solution";
		};
/* End PBXContainerItemProxy section */

/* Begin PBXFileReference section */
		3CD394D119185222003D45BE /* UITableViewController Challenge Solution.app */ = {isa = PBXFileReference; explicitFileType = wrapper.application; includeInIndex = 0; path = "UITableViewController Challenge Solution.app"; sourceTree = BUILT_PRODUCTS_DIR; };
		3CD394D419185222003D45BE /* Foundation.framework */ = {isa = PBXFileReference; lastKnownFileType = wrapper.framework; name = Foundation.framework; path = System/Library/Frameworks/Foundation.framework; sourceTree = SDKROOT; };
		3CD394D619185222003D45BE /* CoreGraphics.framework */ = {isa = PBXFileReference; lastKnownFileType = wrapper.framework; name = CoreGraphics.framework; path = System/Library/Frameworks/CoreGraphics.framework; sourceTree = SDKROOT; };
		3CD394D819185222003D45BE /* UIKit.framework */ = {isa = PBXFileReference; lastKnownFileType = wrapper.framework; name = UIKit.framework; path = System/Library/Frameworks/UIKit.framework; sourceTree = SDKROOT; };
		3CD394DA19185222003D45BE /* SpriteKit.framework */ = {isa = PBXFileReference; lastKnownFileType = wrapper.framework; name = SpriteKit.framework; path = System/Library/Frameworks/SpriteKit.framework; sourceTree = SDKROOT; };
		3CD394DE19185222003D45BE /* UITableViewController Challenge Solution-Info.plist */ = {isa = PBXFileReference; lastKnownFileType = text.plist.xml; path = "UITableViewController Challenge Solution-Info.plist"; sourceTree = "<group>"; };
		3CD394E019185222003D45BE /* en */ = {isa = PBXFileReference; lastKnownFileType = text.plist.strings; name = en; path = en.lproj/InfoPlist.strings; sourceTree = "<group>"; };
		3CD394E219185222003D45BE /* main.m */ = {isa = PBXFileReference; lastKnownFileType = sourcecode.c.objc; path = main.m; sourceTree = "<group>"; };
		3CD394E419185222003D45BE /* UITableViewController Challenge Solution-Prefix.pch */ = {isa = PBXFileReference; lastKnownFileType = sourcecode.c.h; path = "UITableViewController Challenge Solution-Prefix.pch"; sourceTree = "<group>"; };
		3CD394E519185222003D45BE /* CCAppDelegate.h */ = {isa = PBXFileReference; lastKnownFileType = sourcecode.c.h; path = CCAppDelegate.h; sourceTree = "<group>"; };
		3CD394E619185222003D45BE /* CCAppDelegate.m */ = {isa = PBXFileReference; lastKnownFileType = sourcecode.c.objc; path = CCAppDelegate.m; sourceTree = "<group>"; };
		3CD394E919185222003D45BE /* Base */ = {isa = PBXFileReference; lastKnownFileType = file.storyboard; name = Base; path = Base.lproj/Main.storyboard; sourceTree = "<group>"; };
		3CD394EB19185222003D45BE /* CCViewController.h */ = {isa = PBXFileReference; lastKnownFileType = sourcecode.c.h; path = CCViewController.h; sourceTree = "<group>"; };
		3CD394EC19185222003D45BE /* CCViewController.m */ = {isa = PBXFileReference; lastKnownFileType = sourcecode.c.objc; path = CCViewController.m; sourceTree = "<group>"; };
		3CD394EE19185222003D45BE /* CCMyScene.h */ = {isa = PBXFileReference; lastKnownFileType = sourcecode.c.h; path = CCMyScene.h; sourceTree = "<group>"; };
		3CD394EF19185222003D45BE /* CCMyScene.m */ = {isa = PBXFileReference; lastKnownFileType = sourcecode.c.objc; path = CCMyScene.m; sourceTree = "<group>"; };
		3CD394F119185222003D45BE /* Spaceship.png */ = {isa = PBXFileReference; lastKnownFileType = image.png; path = Spaceship.png; sourceTree = "<group>"; };
		3CD394F319185222003D45BE /* Images.xcassets */ = {isa = PBXFileReference; lastKnownFileType = folder.assetcatalog; path = Images.xcassets; sourceTree = "<group>"; };
		3CD394F919185222003D45BE /* UITableViewController Challenge SolutionTests.xctest */ = {isa = PBXFileReference; explicitFileType = wrapper.cfbundle; includeInIndex = 0; path = "UITableViewController Challenge SolutionTests.xctest"; sourceTree = BUILT_PRODUCTS_DIR; };
		3CD394FA19185222003D45BE /* XCTest.framework */ = {isa = PBXFileReference; lastKnownFileType = wrapper.framework; name = XCTest.framework; path = Library/Frameworks/XCTest.framework; sourceTree = DEVELOPER_DIR; };
		3CD3950219185222003D45BE /* UITableViewController Challenge SolutionTests-Info.plist */ = {isa = PBXFileReference; lastKnownFileType = text.plist.xml; path = "UITableViewController Challenge SolutionTests-Info.plist"; sourceTree = "<group>"; };
		3CD3950419185222003D45BE /* en */ = {isa = PBXFileReference; lastKnownFileType = text.plist.strings; name = en; path = en.lproj/InfoPlist.strings; sourceTree = "<group>"; };
		3CD3950619185222003D45BE /* UITableViewController_Challenge_SolutionTests.m */ = {isa = PBXFileReference; lastKnownFileType = sourcecode.c.objc; path = UITableViewController_Challenge_SolutionTests.m; sourceTree = "<group>"; };
/* End PBXFileReference section */

/* Begin PBXFrameworksBuildPhase section */
		3CD394CE19185222003D45BE /* Frameworks */ = {
			isa = PBXFrameworksBuildPhase;
			buildActionMask = 2147483647;
			files = (
				3CD394D719185222003D45BE /* CoreGraphics.framework in Frameworks */,
				3CD394D919185222003D45BE /* UIKit.framework in Frameworks */,
				3CD394DB19185222003D45BE /* SpriteKit.framework in Frameworks */,
				3CD394D519185222003D45BE /* Foundation.framework in Frameworks */,
			);
			runOnlyForDeploymentPostprocessing = 0;
		};
		3CD394F619185222003D45BE /* Frameworks */ = {
			isa = PBXFrameworksBuildPhase;
			buildActionMask = 2147483647;
			files = (
				3CD394FB19185222003D45BE /* XCTest.framework in Frameworks */,
				3CD394FD19185222003D45BE /* UIKit.framework in Frameworks */,
				3CD394FC19185222003D45BE /* Foundation.framework in Frameworks */,
			);
			runOnlyForDeploymentPostprocessing = 0;
		};
/* End PBXFrameworksBuildPhase section */

/* Begin PBXGroup section */
		3CD394C819185222003D45BE = {
			isa = PBXGroup;
			children = (
				3CD394DC19185222003D45BE /* UITableViewController Challenge Solution */,
				3CD3950019185222003D45BE /* UITableViewController Challenge SolutionTests */,
				3CD394D319185222003D45BE /* Frameworks */,
				3CD394D219185222003D45BE /* Products */,
			);
			sourceTree = "<group>";
		};
		3CD394D219185222003D45BE /* Products */ = {
			isa = PBXGroup;
			children = (
				3CD394D119185222003D45BE /* UITableViewController Challenge Solution.app */,
				3CD394F919185222003D45BE /* UITableViewController Challenge SolutionTests.xctest */,
			);
			name = Products;
			sourceTree = "<group>";
		};
		3CD394D319185222003D45BE /* Frameworks */ = {
			isa = PBXGroup;
			children = (
				3CD394D419185222003D45BE /* Foundation.framework */,
				3CD394D619185222003D45BE /* CoreGraphics.framework */,
				3CD394D819185222003D45BE /* UIKit.framework */,
				3CD394DA19185222003D45BE /* SpriteKit.framework */,
				3CD394FA19185222003D45BE /* XCTest.framework */,
			);
			name = Frameworks;
			sourceTree = "<group>";
		};
		3CD394DC19185222003D45BE /* UITableViewController Challenge Solution */ = {
			isa = PBXGroup;
			children = (
				3CD394E519185222003D45BE /* CCAppDelegate.h */,
				3CD394E619185222003D45BE /* CCAppDelegate.m */,
				3CD394E819185222003D45BE /* Main.storyboard */,
				3CD394EB19185222003D45BE /* CCViewController.h */,
				3CD394EC19185222003D45BE /* CCViewController.m */,
				3CD394EE19185222003D45BE /* CCMyScene.h */,
				3CD394EF19185222003D45BE /* CCMyScene.m */,
				3CD394F119185222003D45BE /* Spaceship.png */,
				3CD394F319185222003D45BE /* Images.xcassets */,
				3CD394DD19185222003D45BE /* Supporting Files */,
			);
			path = "UITableViewController Challenge Solution";
			sourceTree = "<group>";
		};
		3CD394DD19185222003D45BE /* Supporting Files */ = {
			isa = PBXGroup;
			children = (
				3CD394DE19185222003D45BE /* UITableViewController Challenge Solution-Info.plist */,
				3CD394DF19185222003D45BE /* InfoPlist.strings */,
				3CD394E219185222003D45BE /* main.m */,
				3CD394E419185222003D45BE /* UITableViewController Challenge Solution-Prefix.pch */,
			);
			name = "Supporting Files";
			sourceTree = "<group>";
		};
		3CD3950019185222003D45BE /* UITableViewController Challenge SolutionTests */ = {
			isa = PBXGroup;
			children = (
				3CD3950619185222003D45BE /* UITableViewController_Challenge_SolutionTests.m */,
				3CD3950119185222003D45BE /* Supporting Files */,
			);
			path = "UITableViewController Challenge SolutionTests";
			sourceTree = "<group>";
		};
		3CD3950119185222003D45BE /* Supporting Files */ = {
			isa = PBXGroup;
			children = (
				3CD3950219185222003D45BE /* UITableViewController Challenge SolutionTests-Info.plist */,
				3CD3950319185222003D45BE /* InfoPlist.strings */,
			);
			name = "Supporting Files";
			sourceTree = "<group>";
		};
/* End PBXGroup section */

/* Begin PBXNativeTarget section */
		3CD394D019185222003D45BE /* UITableViewController Challenge Solution */ = {
			isa = PBXNativeTarget;
			buildConfigurationList = 3CD3950A19185222003D45BE /* Build configuration list for PBXNativeTarget "UITableViewController Challenge Solution" */;
			buildPhases = (
				3CD394CD19185222003D45BE /* Sources */,
				3CD394CE19185222003D45BE /* Frameworks */,
				3CD394CF19185222003D45BE /* Resources */,
			);
			buildRules = (
			);
			dependencies = (
			);
			name = "UITableViewController Challenge Solution";
			productName = "UITableViewController Challenge Solution";
			productReference = 3CD394D119185222003D45BE /* UITableViewController Challenge Solution.app */;
			productType = "com.apple.product-type.application";
		};
		3CD394F819185222003D45BE /* UITableViewController Challenge SolutionTests */ = {
			isa = PBXNativeTarget;
			buildConfigurationList = 3CD3950D19185222003D45BE /* Build configuration list for PBXNativeTarget "UITableViewController Challenge SolutionTests" */;
			buildPhases = (
				3CD394F519185222003D45BE /* Sources */,
				3CD394F619185222003D45BE /* Frameworks */,
				3CD394F719185222003D45BE /* Resources */,
			);
			buildRules = (
			);
			dependencies = (
				3CD394FF19185222003D45BE /* PBXTargetDependency */,
			);
			name = "UITableViewController Challenge SolutionTests";
			productName = "UITableViewController Challenge SolutionTests";
			productReference = 3CD394F919185222003D45BE /* UITableViewController Challenge SolutionTests.xctest */;
			productType = "com.apple.product-type.bundle.unit-test";
		};
/* End PBXNativeTarget section */

/* Begin PBXProject section */
		3CD394C919185222003D45BE /* Project object */ = {
			isa = PBXProject;
			attributes = {
				CLASSPREFIX = CC;
				LastUpgradeCheck = 0510;
				ORGANIZATIONNAME = iLDT;
				TargetAttributes = {
					3CD394F819185222003D45BE = {
						TestTargetID = 3CD394D019185222003D45BE;
					};
				};
			};
			buildConfigurationList = 3CD394CC19185222003D45BE /* Build configuration list for PBXProject "UITableViewController Challenge Solution" */;
			compatibilityVersion = "Xcode 3.2";
			developmentRegion = English;
			hasScannedForEncodings = 0;
			knownRegions = (
				en,
				Base,
			);
			mainGroup = 3CD394C819185222003D45BE;
			productRefGroup = 3CD394D219185222003D45BE /* Products */;
			projectDirPath = "";
			projectRoot = "";
			targets = (
				3CD394D019185222003D45BE /* UITableViewController Challenge Solution */,
				3CD394F819185222003D45BE /* UITableViewController Challenge SolutionTests */,
			);
		};
/* End PBXProject section */

/* Begin PBXResourcesBuildPhase section */
		3CD394CF19185222003D45BE /* Resources */ = {
			isa = PBXResourcesBuildPhase;
			buildActionMask = 2147483647;
			files = (
				3CD394E119185222003D45BE /* InfoPlist.strings in Resources */,
				3CD394F419185222003D45BE /* Images.xcassets in Resources */,
				3CD394F219185222003D45BE /* Spaceship.png in Resources */,
				3CD394EA19185222003D45BE /* Main.storyboard in Resources */,
			);
			runOnlyForDeploymentPostprocessing = 0;
		};
		3CD394F719185222003D45BE /* Resources */ = {
			isa = PBXResourcesBuildPhase;
			buildActionMask = 2147483647;
			files = (
				3CD3950519185222003D45BE /* InfoPlist.strings in Resources */,
			);
			runOnlyForDeploymentPostprocessing = 0;
		};
/* End PBXResourcesBuildPhase section */

/* Begin PBXSourcesBuildPhase section */
		3CD394CD19185222003D45BE /* Sources */ = {
			isa = PBXSourcesBuildPhase;
			buildActionMask = 2147483647;
			files = (
				3CD394F019185222003D45BE /* CCMyScene.m in Sources */,
				3CD394E719185222003D45BE /* CCAppDelegate.m in Sources */,
				3CD394E319185222003D45BE /* main.m in Sources */,
				3CD394ED19185222003D45BE /* CCViewController.m in Sources */,
			);
			runOnlyForDeploymentPostprocessing = 0;
		};
		3CD394F519185222003D45BE /* Sources */ = {
			isa = PBXSourcesBuildPhase;
			buildActionMask = 2147483647;
			files = (
				3CD3950719185222003D45BE /* UITableViewController_Challenge_SolutionTests.m in Sources */,
			);
			runOnlyForDeploymentPostprocessing = 0;
		};
/* End PBXSourcesBuildPhase section */

/* Begin PBXTargetDependency section */
		3CD394FF19185222003D45BE /* PBXTargetDependency */ = {
			isa = PBXTargetDependency;
			target = 3CD394D019185222003D45BE /* UITableViewController Challenge Solution */;
			targetProxy = 3CD394FE19185222003D45BE /* PBXContainerItemProxy */;
		};
/* End PBXTargetDependency section */

/* Begin PBXVariantGroup section */
		3CD394DF19185222003D45BE /* InfoPlist.strings */ = {
			isa = PBXVariantGroup;
			children = (
				3CD394E019185222003D45BE /* en */,
			);
			name = InfoPlist.strings;
			sourceTree = "<group>";
		};
		3CD394E819185222003D45BE /* Main.storyboard */ = {
			isa = PBXVariantGroup;
			children = (
				3CD394E919185222003D45BE /* Base */,
			);
			name = Main.storyboard;
			sourceTree = "<group>";
		};
		3CD3950319185222003D45BE /* InfoPlist.strings */ = {
			isa = PBXVariantGroup;
			children = (
				3CD3950419185222003D45BE /* en */,
			);
			name = InfoPlist.strings;
			sourceTree = "<group>";
		};
/* End PBXVariantGroup section */

/* Begin XCBuildConfiguration section */
		3CD3950819185222003D45BE /* Debug */ = {
			isa = XCBuildConfiguration;
			buildSettings = {
				ALWAYS_SEARCH_USER_PATHS = NO;
				CLANG_CXX_LANGUAGE_STANDARD = "gnu++0x";
				CLANG_CXX_LIBRARY = "libc++";
				CLANG_ENABLE_MODULES = YES;
				CLANG_ENABLE_OBJC_ARC = YES;
				CLANG_WARN_BOOL_CONVERSION = YES;
				CLANG_WARN_CONSTANT_CONVERSION = YES;
				CLANG_WARN_DIRECT_OBJC_ISA_USAGE = YES_ERROR;
				CLANG_WARN_EMPTY_BODY = YES;
				CLANG_WARN_ENUM_CONVERSION = YES;
				CLANG_WARN_INT_CONVERSION = YES;
				CLANG_WARN_OBJC_ROOT_CLASS = YES_ERROR;
				CLANG_WARN__DUPLICATE_METHOD_MATCH = YES;
				"CODE_SIGN_IDENTITY[sdk=iphoneos*]" = "iPhone Developer";
				COPY_PHASE_STRIP = NO;
				GCC_C_LANGUAGE_STANDARD = gnu99;
				GCC_DYNAMIC_NO_PIC = NO;
				GCC_OPTIMIZATION_LEVEL = 0;
				GCC_PREPROCESSOR_DEFINITIONS = (
					"DEBUG=1",
					"$(inherited)",
				);
				GCC_SYMBOLS_PRIVATE_EXTERN = NO;
				GCC_WARN_64_TO_32_BIT_CONVERSION = YES;
				GCC_WARN_ABOUT_RETURN_TYPE = YES_ERROR;
				GCC_WARN_UNDECLARED_SELECTOR = YES;
				GCC_WARN_UNINITIALIZED_AUTOS = YES_AGGRESSIVE;
				GCC_WARN_UNUSED_FUNCTION = YES;
				GCC_WARN_UNUSED_VARIABLE = YES;
				IPHONEOS_DEPLOYMENT_TARGET = 7.1;
				ONLY_ACTIVE_ARCH = YES;
				SDKROOT = iphoneos;
			};
			name = Debug;
		};
		3CD3950919185222003D45BE /* Release */ = {
			isa = XCBuildConfiguration;
			buildSettings = {
				ALWAYS_SEARCH_USER_PATHS = NO;
				CLANG_CXX_LANGUAGE_STANDARD = "gnu++0x";
				CLANG_CXX_LIBRARY = "libc++";
				CLANG_ENABLE_MODULES = YES;
				CLANG_ENABLE_OBJC_ARC = YES;
				CLANG_WARN_BOOL_CONVERSION = YES;
				CLANG_WARN_CONSTANT_CONVERSION = YES;
				CLANG_WARN_DIRECT_OBJC_ISA_USAGE = YES_ERROR;
				CLANG_WARN_EMPTY_BODY = YES;
				CLANG_WARN_ENUM_CONVERSION = YES;
				CLANG_WARN_INT_CONVERSION = YES;
				CLANG_WARN_OBJC_ROOT_CLASS = YES_ERROR;
				CLANG_WARN__DUPLICATE_METHOD_MATCH = YES;
				"CODE_SIGN_IDENTITY[sdk=iphoneos*]" = "iPhone Developer";
				COPY_PHASE_STRIP = YES;
				ENABLE_NS_ASSERTIONS = NO;
				GCC_C_LANGUAGE_STANDARD = gnu99;
				GCC_WARN_64_TO_32_BIT_CONVERSION = YES;
				GCC_WARN_ABOUT_RETURN_TYPE = YES_ERROR;
				GCC_WARN_UNDECLARED_SELECTOR = YES;
				GCC_WARN_UNINITIALIZED_AUTOS = YES_AGGRESSIVE;
				GCC_WARN_UNUSED_FUNCTION = YES;
				GCC_WARN_UNUSED_VARIABLE = YES;
				IPHONEOS_DEPLOYMENT_TARGET = 7.1;
				SDKROOT = iphoneos;
				VALIDATE_PRODUCT = YES;
			};
			name = Release;
		};
		3CD3950B19185222003D45BE /* Debug */ = {
			isa = XCBuildConfiguration;
			buildSettings = {
				ASSETCATALOG_COMPILER_APPICON_NAME = AppIcon;
				ASSETCATALOG_COMPILER_LAUNCHIMAGE_NAME = LaunchImage;
				GCC_PRECOMPILE_PREFIX_HEADER = YES;
				GCC_PREFIX_HEADER = "UITableViewController Challenge Solution/UITableViewController Challenge Solution-Prefix.pch";
				INFOPLIST_FILE = "UITableViewController Challenge Solution/UITableViewController Challenge Solution-Info.plist";
				PRODUCT_NAME = "$(TARGET_NAME)";
				SPRITEKIT_TEXTURE_ATLAS_OUTPUT = YES;
				WRAPPER_EXTENSION = app;
			};
			name = Debug;
		};
		3CD3950C19185222003D45BE /* Release */ = {
			isa = XCBuildConfiguration;
			buildSettings = {
				ASSETCATALOG_COMPILER_APPICON_NAME = AppIcon;
				ASSETCATALOG_COMPILER_LAUNCHIMAGE_NAME = LaunchImage;
				GCC_PRECOMPILE_PREFIX_HEADER = YES;
				GCC_PREFIX_HEADER = "UITableViewController Challenge Solution/UITableViewController Challenge Solution-Prefix.pch";
				INFOPLIST_FILE = "UITableViewController Challenge Solution/UITableViewController Challenge Solution-Info.plist";
				PRODUCT_NAME = "$(TARGET_NAME)";
				SPRITEKIT_TEXTURE_ATLAS_OUTPUT = YES;
				WRAPPER_EXTENSION = app;
			};
			name = Release;
		};
		3CD3950E19185222003D45BE /* Debug */ = {
			isa = XCBuildConfiguration;
			buildSettings = {
				BUNDLE_LOADER = "$(BUILT_PRODUCTS_DIR)/UITableViewController Challenge Solution.app/UITableViewController Challenge Solution";
				FRAMEWORK_SEARCH_PATHS = (
					"$(SDKROOT)/Developer/Library/Frameworks",
					"$(inherited)",
					"$(DEVELOPER_FRAMEWORKS_DIR)",
				);
				GCC_PRECOMPILE_PREFIX_HEADER = YES;
				GCC_PREFIX_HEADER = "UITableViewController Challenge Solution/UITableViewController Challenge Solution-Prefix.pch";
				GCC_PREPROCESSOR_DEFINITIONS = (
					"DEBUG=1",
					"$(inherited)",
				);
				INFOPLIST_FILE = "UITableViewController Challenge SolutionTests/UITableViewController Challenge SolutionTests-Info.plist";
				PRODUCT_NAME = "$(TARGET_NAME)";
				TEST_HOST = "$(BUNDLE_LOADER)";
				WRAPPER_EXTENSION = xctest;
			};
			name = Debug;
		};
		3CD3950F19185222003D45BE /* Release */ = {
			isa = XCBuildConfiguration;
			buildSettings = {
				BUNDLE_LOADER = "$(BUILT_PRODUCTS_DIR)/UITableViewController Challenge Solution.app/UITableViewController Challenge Solution";
				FRAMEWORK_SEARCH_PATHS = (
					"$(SDKROOT)/Developer/Library/Frameworks",
					"$(inherited)",
					"$(DEVELOPER_FRAMEWORKS_DIR)",
				);
				GCC_PRECOMPILE_PREFIX_HEADER = YES;
				GCC_PREFIX_HEADER = "UITableViewController Challenge Solution/UITableViewController Challenge Solution-Prefix.pch";
				INFOPLIST_FILE = "UITableViewController Challenge SolutionTests/UITableViewController Challenge SolutionTests-Info.plist";
				PRODUCT_NAME = "$(TARGET_NAME)";
				TEST_HOST = "$(BUNDLE_LOADER)";
				WRAPPER_EXTENSION = xctest;
			};
			name = Release;
		};
/* End XCBuildConfiguration section */

/* Begin XCConfigurationList section */
		3CD394CC19185222003D45BE /* Build configuration list for PBXProject "UITableViewController Challenge Solution" */ = {
			isa = XCConfigurationList;
			buildConfigurations = (
				3CD3950819185222003D45BE /* Debug */,
				3CD3950919185222003D45BE /* Release */,
			);
			defaultConfigurationIsVisible = 0;
			defaultConfigurationName = Release;
		};
		3CD3950A19185222003D45BE /* Build configuration list for PBXNativeTarget "UITableViewController Challenge Solution" */ = {
			isa = XCConfigurationList;
			buildConfigurations = (
				3CD3950B19185222003D45BE /* Debug */,
				3CD3950C19185222003D45BE /* Release */,
			);
			defaultConfigurationIsVisible = 0;
		};
		3CD3950D19185222003D45BE /* Build configuration list for PBXNativeTarget "UITableViewController Challenge SolutionTests" */ = {
			isa = XCConfigurationList;
			buildConfigurations = (
				3CD3950E19185222003D45BE /* Debug */,
				3CD3950F19185222003D45BE /* Release */,
			);
			defaultConfigurationIsVisible = 0;
		};
/* End XCConfigurationList section */
	};
	rootObject = 3CD394C919185222003D45BE /* Project object */;
}
